github.com/bakerag1/hugo-resume v0.0.0-20250609180611-da29637fd16e h1:loNJRGmMfDe24XYA9mN8vnuZJ//PNVuiKW36A/ZcHFY=
github.com/bakerag1/hugo-resume v0.0.0-20250609180611-da29637fd16e/go.mod h1:0BLvkzycTTeTnHM/cfOx3e6GxJkopHbuY3TXrFw8iSk=
github.com/spf13/hyde v1.3.0 h1:7zf9f7xxMfD5KwdrJU+V2w7yi1W8dKKyzvNtQkuh0sE=
github.com/spf13/hyde v1.3.0/go.mod h1:CSmLWCbXXInaA5zAkwAQ0EbwpR7Pe74eSmDxdGspoCY=
